
Microsoft Visual Studio Solution File, Format Version 12.00
# Visual Studio Version 16
VisualStudioVersion = 16.0.31321.278
MinimumVisualStudioVersion = 10.0.40219.1
Project("{9A19103F-16F7-4668-BE54-9A1E7A4F7556}") = "Bank1", "TheBank\Bank1.csproj", "{6861AFFA-B7A9-41C9-B51F-9FE73D3EDCCD}"
EndProject
Project("{9A19103F-16F7-4668-BE54-9A1E7A4F7556}") = "Bank2", "Bank2\Bank2.csproj", "{A4C259C7-DEE8-494A-8ED9-AC8227AA12E3}"
EndProject
Project("{2150E333-8FDC-42A3-9474-1A3956D46DE8}") = "Solution Items", "Solution Items", "{015F80DE-60FE-4AA7-B4BC-0C7F8AF20C24}"
	ProjectSection(SolutionItems) = preProject
		ChangeLog.txt = ChangeLog.txt
	EndProjectSection
EndProject
Project("{9A19103F-16F7-4668-BE54-9A1E7A4F7556}") = "Bank3", "Bank3\Bank3.csproj", "{3790C841-98F2-44BA-89CD-17145759D1E8}"
EndProject
Project("{FAE04EC0-301F-11D3-BF4B-00C04F79EFBC}") = "Bank4", "Bank4\Bank4.csproj", "{2D7509EF-8275-4688-B774-3B2E1B33AC24}"
EndProject
Project("{9A19103F-16F7-4668-BE54-9A1E7A4F7556}") = "Bank5", "Bank5\Bank5.csproj", "{F9112562-DA73-4F7A-B533-AF42C198D8FC}"
EndProject
Project("{9A19103F-16F7-4668-BE54-9A1E7A4F7556}") = "TestProject", "TestProject\TestProject.csproj", "{03DE1473-AB7B-4AE1-8C7E-9D590A9D41D4}"
EndProject
Project("{9A19103F-16F7-4668-BE54-9A1E7A4F7556}") = "Koncert", "Koncert\Koncert.csproj", "{4902980B-9727-4524-BE75-220632B2559B}"
EndProject
Global
	GlobalSection(SolutionConfigurationPlatforms) = preSolution
		Debug|Any CPU = Debug|Any CPU
		Release|Any CPU = Release|Any CPU
	EndGlobalSection
	GlobalSection(ProjectConfigurationPlatforms) = postSolution
		{6861AFFA-B7A9-41C9-B51F-9FE73D3EDCCD}.Debug|Any CPU.ActiveCfg = Debug|Any CPU
		{6861AFFA-B7A9-41C9-B51F-9FE73D3EDCCD}.Debug|Any CPU.Build.0 = Debug|Any CPU
		{6861AFFA-B7A9-41C9-B51F-9FE73D3EDCCD}.Release|Any CPU.ActiveCfg = Release|Any CPU
		{6861AFFA-B7A9-41C9-B51F-9FE73D3EDCCD}.Release|Any CPU.Build.0 = Release|Any CPU
		{A4C259C7-DEE8-494A-8ED9-AC8227AA12E3}.Debug|Any CPU.ActiveCfg = Debug|Any CPU
		{A4C259C7-DEE8-494A-8ED9-AC8227AA12E3}.Debug|Any CPU.Build.0 = Debug|Any CPU
		{A4C259C7-DEE8-494A-8ED9-AC8227AA12E3}.Release|Any CPU.ActiveCfg = Release|Any CPU
		{A4C259C7-DEE8-494A-8ED9-AC8227AA12E3}.Release|Any CPU.Build.0 = Release|Any CPU
		{3790C841-98F2-44BA-89CD-17145759D1E8}.Debug|Any CPU.ActiveCfg = Debug|Any CPU
		{3790C841-98F2-44BA-89CD-17145759D1E8}.Debug|Any CPU.Build.0 = Debug|Any CPU
		{3790C841-98F2-44BA-89CD-17145759D1E8}.Release|Any CPU.ActiveCfg = Release|Any CPU
		{3790C841-98F2-44BA-89CD-17145759D1E8}.Release|Any CPU.Build.0 = Release|Any CPU
		{2D7509EF-8275-4688-B774-3B2E1B33AC24}.Debug|Any CPU.ActiveCfg = Debug|Any CPU
		{2D7509EF-8275-4688-B774-3B2E1B33AC24}.Debug|Any CPU.Build.0 = Debug|Any CPU
		{2D7509EF-8275-4688-B774-3B2E1B33AC24}.Release|Any CPU.ActiveCfg = Release|Any CPU
		{2D7509EF-8275-4688-B774-3B2E1B33AC24}.Release|Any CPU.Build.0 = Release|Any CPU
		{F9112562-DA73-4F7A-B533-AF42C198D8FC}.Debug|Any CPU.ActiveCfg = Debug|Any CPU
		{F9112562-DA73-4F7A-B533-AF42C198D8FC}.Debug|Any CPU.Build.0 = Debug|Any CPU
		{F9112562-DA73-4F7A-B533-AF42C198D8FC}.Release|Any CPU.ActiveCfg = Release|Any CPU
		{F9112562-DA73-4F7A-B533-AF42C198D8FC}.Release|Any CPU.Build.0 = Release|Any CPU
		{03DE1473-AB7B-4AE1-8C7E-9D590A9D41D4}.Debug|Any CPU.ActiveCfg = Debug|Any CPU
		{03DE1473-AB7B-4AE1-8C7E-9D590A9D41D4}.Debug|Any CPU.Build.0 = Debug|Any CPU
		{03DE1473-AB7B-4AE1-8C7E-9D590A9D41D4}.Release|Any CPU.ActiveCfg = Release|Any CPU
		{03DE1473-AB7B-4AE1-8C7E-9D590A9D41D4}.Release|Any CPU.Build.0 = Release|Any CPU
		{4902980B-9727-4524-BE75-220632B2559B}.Debug|Any CPU.ActiveCfg = Debug|Any CPU
		{4902980B-9727-4524-BE75-220632B2559B}.Debug|Any CPU.Build.0 = Debug|Any CPU
		{4902980B-9727-4524-BE75-220632B2559B}.Release|Any CPU.ActiveCfg = Release|Any CPU
		{4902980B-9727-4524-BE75-220632B2559B}.Release|Any CPU.Build.0 = Release|Any CPU
	EndGlobalSection
	GlobalSection(SolutionProperties) = preSolution
		HideSolutionNode = FALSE
	EndGlobalSection
	GlobalSection(ExtensibilityGlobals) = postSolution
		SolutionGuid = {1E0B5188-5C98-432D-A091-F26D66FFD025}
	EndGlobalSection
EndGlobal
